
Microsoft Visual Studio Solution File, Format Version 12.00
# Visual Studio Version 16
VisualStudioVersion = 16.0.31702.278
MinimumVisualStudioVersion = 10.0.40219.1
Project("{FAE04EC0-301F-11D3-BF4B-00C04F79EFBC}") = "Задание 15", "Задание 15\Задание 15.csproj", "{897167FE-C8BC-4EAA-BC67-C22B5F9AABC0}"
EndProject
Global
	GlobalSection(SolutionConfigurationPlatforms) = preSolution
		Debug|Any CPU = Debug|Any CPU
		Release|Any CPU = Release|Any CPU
	EndGlobalSection
	GlobalSection(ProjectConfigurationPlatforms) = postSolution
		{897167FE-C8BC-4EAA-BC67-C22B5F9AABC0}.Debug|Any CPU.ActiveCfg = Debug|Any CPU
		{897167FE-C8BC-4EAA-BC67-C22B5F9AABC0}.Debug|Any CPU.Build.0 = Debug|Any CPU
		{897167FE-C8BC-4EAA-BC67-C22B5F9AABC0}.Release|Any CPU.ActiveCfg = Release|Any CPU
		{897167FE-C8BC-4EAA-BC67-C22B5F9AABC0}.Release|Any CPU.Build.0 = Release|Any CPU
	EndGlobalSection
	GlobalSection(SolutionProperties) = preSolution
		HideSolutionNode = FALSE
	EndGlobalSection
	GlobalSection(ExtensibilityGlobals) = postSolution
		SolutionGuid = {61F9C3AE-243B-433F-A3FD-4004E957B419}
	EndGlobalSection
EndGlobal
